
Microsoft Visual Studio Solution File, Format Version 12.00
# Visual Studio Version 17
VisualStudioVersion = 17.5.33627.172
MinimumVisualStudioVersion = 10.0.40219.1
Project("{FAE04EC0-301F-11D3-BF4B-00C04F79EFBC}") = "socketClientV3", "socketClientV3\socketClientV3.csproj", "{96353A0E-85D7-47C7-B7DB-F9C54F7EC299}"
EndProject
Global
	GlobalSection(SolutionConfigurationPlatforms) = preSolution
		Debug|Any CPU = Debug|Any CPU
		Release|Any CPU = Release|Any CPU
	EndGlobalSection
	GlobalSection(ProjectConfigurationPlatforms) = postSolution
		{96353A0E-85D7-47C7-B7DB-F9C54F7EC299}.Debug|Any CPU.ActiveCfg = Debug|Any CPU
		{96353A0E-85D7-47C7-B7DB-F9C54F7EC299}.Debug|Any CPU.Build.0 = Debug|Any CPU
		{96353A0E-85D7-47C7-B7DB-F9C54F7EC299}.Release|Any CPU.ActiveCfg = Release|Any CPU
		{96353A0E-85D7-47C7-B7DB-F9C54F7EC299}.Release|Any CPU.Build.0 = Release|Any CPU
	EndGlobalSection
	GlobalSection(SolutionProperties) = preSolution
		HideSolutionNode = FALSE
	EndGlobalSection
	GlobalSection(ExtensibilityGlobals) = postSolution
		SolutionGuid = {D01DA645-7141-43FD-873D-C43E828F4570}
	EndGlobalSection
EndGlobal
